# This file is autogenerated, do not edit; changes may be undone by the next 'dep ensure'.


[[projects]]
  branch = "master"
  name = "github.com/dpastoor/goutils"
  packages = ["."]
  revision = "99f19d6b2a4431cb0db975a065c7bd31e76e3d27"

[[projects]]
  name = "github.com/ogier/pflag"
  packages = ["."]
  revision = "32a05c62658bd1d7c7e75cbc8195de5d585fde0f"
  version = "v0.0.1"

[[projects]]
  name = "github.com/spf13/afero"
  packages = [".","mem"]
  revision = "8d919cbe7e2627e417f3e45c3c0e489a5b7e2536"
  version = "v1.0.0"

[[projects]]
  name = "github.com/unidoc/unidoc"
  packages = ["common","common/license","pdf/core","pdf/model","pdf/model/fonts","pdf/model/sampling","pdf/model/textencoding","pdf/ps"]
  revision = "144fa3f75be7cab29ecd8d3bfb9673fcc649f372"
  version = "v2.0.1"

[[projects]]
  branch = "master"
  name = "golang.org/x/image"
  packages = ["tiff/lzw"]
  revision = "e5db4c466346ada62f27934dab20e4b6f6bda285"

[[projects]]
  branch = "master"
  name = "golang.org/x/text"
  packages = ["internal/gen","internal/triegen","internal/ucd","transform","unicode/cldr","unicode/norm"]
  revision = "3b24cac7bc3a458991ab409aa2a339ac9e0d60d6"

[solve-meta]
  analyzer-name = "dep"
  analyzer-version = 1
  inputs-digest = "125405cd836974c533b40612314c2c7fbeb9f199a253f4992f9f829b087de167"
  solver-name = "gps-cdcl"
  solver-version = 1
